
Microsoft Visual Studio Solution File, Format Version 12.00
# Visual Studio Version 17
VisualStudioVersion = 17.9.34728.123
MinimumVisualStudioVersion = 10.0.40219.1
Project("{9A19103F-16F7-4668-BE54-9A1E7A4F7556}") = "CherryPicker", "CherryPicker.csproj", "{A2E4DFD9-793D-4C6E-A4F3-4E37F3B011D9}"
EndProject
Global
	GlobalSection(SolutionConfigurationPlatforms) = preSolution
		Debug|Any CPU = Debug|Any CPU
		Release|Any CPU = Release|Any CPU
	EndGlobalSection
	GlobalSection(ProjectConfigurationPlatforms) = postSolution
		{A2E4DFD9-793D-4C6E-A4F3-4E37F3B011D9}.Debug|Any CPU.ActiveCfg = Debug|Any CPU
		{A2E4DFD9-793D-4C6E-A4F3-4E37F3B011D9}.Debug|Any CPU.Build.0 = Debug|Any CPU
		{A2E4DFD9-793D-4C6E-A4F3-4E37F3B011D9}.Release|Any CPU.ActiveCfg = Release|Any CPU
		{A2E4DFD9-793D-4C6E-A4F3-4E37F3B011D9}.Release|Any CPU.Build.0 = Release|Any CPU
	EndGlobalSection
	GlobalSection(SolutionProperties) = preSolution
		HideSolutionNode = FALSE
	EndGlobalSection
	GlobalSection(ExtensibilityGlobals) = postSolution
		SolutionGuid = {BD93757F-6476-4AFC-98D9-86789EF90C91}
	EndGlobalSection
EndGlobal
